// !$*UTF8*$!
{
	archiveVersion = 1;
	classes = {
	};
	objectVersion = 46;
	objects = {

/* Begin PBXBuildFile section */
		1629E7D31DCBBC70006ACD46 /* hedrot_comm_protocol.h in Headers */ = {isa = PBXBuildFile; fileRef = 1629E7D21DCBBC70006ACD46 /* hedrot_comm_protocol.h */; };
		166427351E9F949D0081EE9E /* Accelerate.framework in Frameworks */ = {isa = PBXBuildFile; fileRef = 166427341E9F949D0081EE9E /* Accelerate.framework */; };
		167539AD1EA3A0F60062BDCE /* commonsyms.c in Sources */ = {isa = PBXBuildFile; fileRef = 167539AC1EA3A0F60062BDCE /* commonsyms.c */; };
		16904B091EACA9F100517871 /* JitterAPI.framework in Frameworks */ = {isa = PBXBuildFile; fileRef = 16904B081EACA9F100517871 /* JitterAPI.framework */; };
		16904B0B1EACBE1D00517871 /* MaxAudioAPI.framework in Frameworks */ = {isa = PBXBuildFile; fileRef = 16904B0A1EACBE1D00517871 /* MaxAudioAPI.framework */; };
		1695F0051A87997F00708733 /* hedrot_receiver.c in Sources */ = {isa = PBXBuildFile; fileRef = 1695F0041A87997F00708733 /* hedrot_receiver.c */; };
		16B2FC731DC9F69B003EECB3 /* libhedrot_serialcomm.c in Sources */ = {isa = PBXBuildFile; fileRef = 16B2FC6F1DC9F69B003EECB3 /* libhedrot_serialcomm.c */; };
		16B2FC741DC9F69B003EECB3 /* libhedrot_serialcomm.h in Headers */ = {isa = PBXBuildFile; fileRef = 16B2FC701DC9F69B003EECB3 /* libhedrot_serialcomm.h */; };
		16B2FC751DC9F69B003EECB3 /* libhedrot.c in Sources */ = {isa = PBXBuildFile; fileRef = 16B2FC711DC9F69B003EECB3 /* libhedrot.c */; };
		16B2FC761DC9F69B003EECB3 /* libhedrot.h in Headers */ = {isa = PBXBuildFile; fileRef = 16B2FC721DC9F69B003EECB3 /* libhedrot.h */; };
		16F0E6821EA4CAC500365603 /* libhedrot_calibration.c in Sources */ = {isa = PBXBuildFile; fileRef = 16F0E6801EA4CAC500365603 /* libhedrot_calibration.c */; };
		16F0E6831EA4CAC500365603 /* libhedrot_calibration.h in Headers */ = {isa = PBXBuildFile; fileRef = 16F0E6811EA4CAC500365603 /* libhedrot_calibration.h */; };
		16F0E6861EA4CB6F00365603 /* libhedrot_utils.c in Sources */ = {isa = PBXBuildFile; fileRef = 16F0E6841EA4CB6F00365603 /* libhedrot_utils.c */; };
		16F0E6871EA4CB6F00365603 /* libhedrot_utils.h in Headers */ = {isa = PBXBuildFile; fileRef = 16F0E6851EA4CB6F00365603 /* libhedrot_utils.h */; };
		16F55E0E1EBDAC4800253AEB /* libhedrot_RTmagCalibration.c in Sources */ = {isa = PBXBuildFile; fileRef = 16F55E0C1EBDAC4800253AEB /* libhedrot_RTmagCalibration.c */; };
		16F55E0F1EBDAC4800253AEB /* libhedrot_RTmagCalibration.h in Headers */ = {isa = PBXBuildFile; fileRef = 16F55E0D1EBDAC4800253AEB /* libhedrot_RTmagCalibration.h */; };
/* End PBXBuildFile section */

/* Begin PBXFileReference section */
		1629E7D21DCBBC70006ACD46 /* hedrot_comm_protocol.h */ = {isa = PBXFileReference; fileEncoding = 4; lastKnownFileType = sourcecode.c.h; path = hedrot_comm_protocol.h; sourceTree = "<group>"; };
		16609A3C1A362064003CC1DC /* hedrot_receiver.xcconfig */ = {isa = PBXFileReference; lastKnownFileType = text.xcconfig; path = hedrot_receiver.xcconfig; sourceTree = "<group>"; };
		166427341E9F949D0081EE9E /* Accelerate.framework */ = {isa = PBXFileReference; lastKnownFileType = wrapper.framework; name = Accelerate.framework; path = /Applications/Xcode.app/Contents/Developer/Platforms/MacOSX.platform/Developer/SDKs/MacOSX10.9.sdk/System/Library/Frameworks/Accelerate.framework; sourceTree = "<absolute>"; };
		167539AC1EA3A0F60062BDCE /* commonsyms.c */ = {isa = PBXFileReference; fileEncoding = 4; lastKnownFileType = sourcecode.c.c; name = commonsyms.c; path = "../../../../SDKs/MaxSDK-6.1.4/c74support/max-includes/common/commonsyms.c"; sourceTree = "<group>"; };
		16904B081EACA9F100517871 /* JitterAPI.framework */ = {isa = PBXFileReference; lastKnownFileType = wrapper.framework; name = JitterAPI.framework; path = "../../../../SDKs/MaxSDK-6.1.4/c74support/jit-includes/JitterAPI.framework"; sourceTree = "<group>"; };
		16904B0A1EACBE1D00517871 /* MaxAudioAPI.framework */ = {isa = PBXFileReference; lastKnownFileType = wrapper.framework; name = MaxAudioAPI.framework; path = "../../../../SDKs/MaxSDK-6.1.4/c74support/msp-includes/MaxAudioAPI.framework"; sourceTree = "<group>"; };
		1695F0041A87997F00708733 /* hedrot_receiver.c */ = {isa = PBXFileReference; fileEncoding = 4; lastKnownFileType = sourcecode.c.c; name = hedrot_receiver.c; path = ../source/hedrot_receiver.c; sourceTree = "<group>"; };
		16B2FC6F1DC9F69B003EECB3 /* libhedrot_serialcomm.c */ = {isa = PBXFileReference; fileEncoding = 4; lastKnownFileType = sourcecode.c.c; path = libhedrot_serialcomm.c; sourceTree = "<group>"; };
		16B2FC701DC9F69B003EECB3 /* libhedrot_serialcomm.h */ = {isa = PBXFileReference; fileEncoding = 4; lastKnownFileType = sourcecode.c.h; path = libhedrot_serialcomm.h; sourceTree = "<group>"; };
		16B2FC711DC9F69B003EECB3 /* libhedrot.c */ = {isa = PBXFileReference; fileEncoding = 4; lastKnownFileType = sourcecode.c.c; path = libhedrot.c; sourceTree = "<group>"; };
		16B2FC721DC9F69B003EECB3 /* libhedrot.h */ = {isa = PBXFileReference; fileEncoding = 4; lastKnownFileType = sourcecode.c.h; path = libhedrot.h; sourceTree = "<group>"; };
		16B6BF111E193823009E5E99 /* Info.plist */ = {isa = PBXFileReference; lastKnownFileType = text.plist.xml; path = Info.plist; sourceTree = "<group>"; };
		16DD60A41A5A7879005AE0FF /* hedrot_receiver.h */ = {isa = PBXFileReference; lastKnownFileType = sourcecode.c.h; name = hedrot_receiver.h; path = ../source/hedrot_receiver.h; sourceTree = "<group>"; };
		16F0E6801EA4CAC500365603 /* libhedrot_calibration.c */ = {isa = PBXFileReference; fileEncoding = 4; lastKnownFileType = sourcecode.c.c; path = libhedrot_calibration.c; sourceTree = "<group>"; };
		16F0E6811EA4CAC500365603 /* libhedrot_calibration.h */ = {isa = PBXFileReference; fileEncoding = 4; lastKnownFileType = sourcecode.c.h; path = libhedrot_calibration.h; sourceTree = "<group>"; };
		16F0E6841EA4CB6F00365603 /* libhedrot_utils.c */ = {isa = PBXFileReference; fileEncoding = 4; lastKnownFileType = sourcecode.c.c; path = libhedrot_utils.c; sourceTree = "<group>"; };
		16F0E6851EA4CB6F00365603 /* libhedrot_utils.h */ = {isa = PBXFileReference; fileEncoding = 4; lastKnownFileType = sourcecode.c.h; path = libhedrot_utils.h; sourceTree = "<group>"; };
		16F55E0C1EBDAC4800253AEB /* libhedrot_RTmagCalibration.c */ = {isa = PBXFileReference; fileEncoding = 4; lastKnownFileType = sourcecode.c.c; path = libhedrot_RTmagCalibration.c; sourceTree = "<group>"; };
		16F55E0D1EBDAC4800253AEB /* libhedrot_RTmagCalibration.h */ = {isa = PBXFileReference; fileEncoding = 4; lastKnownFileType = sourcecode.c.h; path = libhedrot_RTmagCalibration.h; sourceTree = "<group>"; };
		2FBBEAE508F335360078DB84 /* hedrot_receiver.mxo */ = {isa = PBXFileReference; explicitFileType = wrapper.cfbundle; includeInIndex = 0; path = hedrot_receiver.mxo; sourceTree = BUILT_PRODUCTS_DIR; };
/* End PBXFileReference section */

/* Begin PBXFrameworksBuildPhase section */
		2FBBEADC08F335360078DB84 /* Frameworks */ = {
			isa = PBXFrameworksBuildPhase;
			buildActionMask = 2147483647;
			files = (
				16904B0B1EACBE1D00517871 /* MaxAudioAPI.framework in Frameworks */,
				166427351E9F949D0081EE9E /* Accelerate.framework in Frameworks */,
				16904B091EACA9F100517871 /* JitterAPI.framework in Frameworks */,
			);
			runOnlyForDeploymentPostprocessing = 0;
		};
/* End PBXFrameworksBuildPhase section */

/* Begin PBXGroup section */
		089C166AFE841209C02AAC07 /* iterator */ = {
			isa = PBXGroup;
			children = (
				16904B071EACA9D300517871 /* Frameworks */,
				16B6BF111E193823009E5E99 /* Info.plist */,
				1629E7D11DCBBC61006ACD46 /* hedrot-firmware */,
				16B2FC6E1DC9F68E003EECB3 /* libhedrot */,
				1695F0041A87997F00708733 /* hedrot_receiver.c */,
				16DD60A41A5A7879005AE0FF /* hedrot_receiver.h */,
				167539AC1EA3A0F60062BDCE /* commonsyms.c */,
				16609A3C1A362064003CC1DC /* hedrot_receiver.xcconfig */,
				19C28FB4FE9D528D11CA2CBB /* Products */,
			);
			name = iterator;
			sourceTree = "<group>";
		};
		1629E7D11DCBBC61006ACD46 /* hedrot-firmware */ = {
			isa = PBXGroup;
			children = (
				1629E7D21DCBBC70006ACD46 /* hedrot_comm_protocol.h */,
			);
			name = "hedrot-firmware";
			path = "../../firmware/hedrot-firmware";
			sourceTree = SOURCE_ROOT;
		};
		16904B071EACA9D300517871 /* Frameworks */ = {
			isa = PBXGroup;
			children = (
				16904B0A1EACBE1D00517871 /* MaxAudioAPI.framework */,
				16904B081EACA9F100517871 /* JitterAPI.framework */,
				166427341E9F949D0081EE9E /* Accelerate.framework */,
			);
			name = Frameworks;
			sourceTree = "<group>";
		};
		16B2FC6E1DC9F68E003EECB3 /* libhedrot */ = {
			isa = PBXGroup;
			children = (
				16B2FC711DC9F69B003EECB3 /* libhedrot.c */,
				16B2FC721DC9F69B003EECB3 /* libhedrot.h */,
				16F0E6801EA4CAC500365603 /* libhedrot_calibration.c */,
				16F0E6811EA4CAC500365603 /* libhedrot_calibration.h */,
				16B2FC6F1DC9F69B003EECB3 /* libhedrot_serialcomm.c */,
				16B2FC701DC9F69B003EECB3 /* libhedrot_serialcomm.h */,
				16F0E6841EA4CB6F00365603 /* libhedrot_utils.c */,
				16F0E6851EA4CB6F00365603 /* libhedrot_utils.h */,
				16F55E0C1EBDAC4800253AEB /* libhedrot_RTmagCalibration.c */,
				16F55E0D1EBDAC4800253AEB /* libhedrot_RTmagCalibration.h */,
			);
			name = libhedrot;
			path = ../../libhedrot;
			sourceTree = "<group>";
		};
		19C28FB4FE9D528D11CA2CBB /* Products */ = {
			isa = PBXGroup;
			children = (
				2FBBEAE508F335360078DB84 /* hedrot_receiver.mxo */,
			);
			name = Products;
			sourceTree = "<group>";
		};
/* End PBXGroup section */

/* Begin PBXHeadersBuildPhase section */
		2FBBEAD708F335360078DB84 /* Headers */ = {
			isa = PBXHeadersBuildPhase;
			buildActionMask = 2147483647;
			files = (
				1629E7D31DCBBC70006ACD46 /* hedrot_comm_protocol.h in Headers */,
				16F0E6831EA4CAC500365603 /* libhedrot_calibration.h in Headers */,
				16B2FC761DC9F69B003EECB3 /* libhedrot.h in Headers */,
				16F0E6871EA4CB6F00365603 /* libhedrot_utils.h in Headers */,
				16B2FC741DC9F69B003EECB3 /* libhedrot_serialcomm.h in Headers */,
				16F55E0F1EBDAC4800253AEB /* libhedrot_RTmagCalibration.h in Headers */,
			);
			runOnlyForDeploymentPostprocessing = 0;
		};
/* End PBXHeadersBuildPhase section */

/* Begin PBXNativeTarget section */
		2FBBEAD608F335360078DB84 /* max-external */ = {
			isa = PBXNativeTarget;
			buildConfigurationList = 2FBBEAE008F335360078DB84 /* Build configuration list for PBXNativeTarget "max-external" */;
			buildPhases = (
				2FBBEAD708F335360078DB84 /* Headers */,
				2FBBEAD808F335360078DB84 /* Resources */,
				2FBBEADA08F335360078DB84 /* Sources */,
				2FBBEADC08F335360078DB84 /* Frameworks */,
				2FBBEADF08F335360078DB84 /* Rez */,
			);
			buildRules = (
			);
			dependencies = (
			);
			name = "max-external";
			productName = iterator;
			productReference = 2FBBEAE508F335360078DB84 /* hedrot_receiver.mxo */;
			productType = "com.apple.product-type.bundle";
		};
/* End PBXNativeTarget section */

/* Begin PBXProject section */
		089C1669FE841209C02AAC07 /* Project object */ = {
			isa = PBXProject;
			attributes = {
				LastUpgradeCheck = 0820;
			};
			buildConfigurationList = 2FBBEACF08F335010078DB84 /* Build configuration list for PBXProject "hedrot_receiver" */;
			compatibilityVersion = "Xcode 3.2";
			developmentRegion = English;
			hasScannedForEncodings = 1;
			knownRegions = (
				en,
			);
			mainGroup = 089C166AFE841209C02AAC07 /* iterator */;
			projectDirPath = "";
			projectRoot = "";
			targets = (
				2FBBEAD608F335360078DB84 /* max-external */,
			);
		};
/* End PBXProject section */

/* Begin PBXResourcesBuildPhase section */
		2FBBEAD808F335360078DB84 /* Resources */ = {
			isa = PBXResourcesBuildPhase;
			buildActionMask = 2147483647;
			files = (
			);
			runOnlyForDeploymentPostprocessing = 0;
		};
/* End PBXResourcesBuildPhase section */

/* Begin PBXRezBuildPhase section */
		2FBBEADF08F335360078DB84 /* Rez */ = {
			isa = PBXRezBuildPhase;
			buildActionMask = 2147483647;
			files = (
			);
			runOnlyForDeploymentPostprocessing = 0;
		};
/* End PBXRezBuildPhase section */

/* Begin PBXSourcesBuildPhase section */
		2FBBEADA08F335360078DB84 /* Sources */ = {
			isa = PBXSourcesBuildPhase;
			buildActionMask = 2147483647;
			files = (
				1695F0051A87997F00708733 /* hedrot_receiver.c in Sources */,
				16B2FC731DC9F69B003EECB3 /* libhedrot_serialcomm.c in Sources */,
				167539AD1EA3A0F60062BDCE /* commonsyms.c in Sources */,
				16F0E6861EA4CB6F00365603 /* libhedrot_utils.c in Sources */,
				16B2FC751DC9F69B003EECB3 /* libhedrot.c in Sources */,
				16F55E0E1EBDAC4800253AEB /* libhedrot_RTmagCalibration.c in Sources */,
				16F0E6821EA4CAC500365603 /* libhedrot_calibration.c in Sources */,
			);
			runOnlyForDeploymentPostprocessing = 0;
		};
/* End PBXSourcesBuildPhase section */

/* Begin XCBuildConfiguration section */
		2FBBEAD008F335010078DB84 /* Development */ = {
			isa = XCBuildConfiguration;
			baseConfigurationReference = 16609A3C1A362064003CC1DC /* hedrot_receiver.xcconfig */;
			buildSettings = {
				CLANG_WARN_BOOL_CONVERSION = YES;
				CLANG_WARN_CONSTANT_CONVERSION = YES;
				CLANG_WARN_EMPTY_BODY = YES;
				CLANG_WARN_ENUM_CONVERSION = YES;
				CLANG_WARN_INFINITE_RECURSION = YES;
				CLANG_WARN_INT_CONVERSION = YES;
				CLANG_WARN_SUSPICIOUS_MOVE = YES;
				CLANG_WARN_UNREACHABLE_CODE = YES;
				CLANG_WARN__DUPLICATE_METHOD_MATCH = YES;
				ENABLE_STRICT_OBJC_MSGSEND = YES;
				ENABLE_TESTABILITY = YES;
				GCC_NO_COMMON_BLOCKS = YES;
				GCC_WARN_64_TO_32_BIT_CONVERSION = YES;
				GCC_WARN_ABOUT_RETURN_TYPE = YES;
				GCC_WARN_UNDECLARED_SELECTOR = YES;
				GCC_WARN_UNINITIALIZED_AUTOS = YES;
				GCC_WARN_UNUSED_FUNCTION = YES;
				GCC_WARN_UNUSED_VARIABLE = YES;
				ONLY_ACTIVE_ARCH = NO;
				SDKROOT = macosx10.9;
			};
			name = Development;
		};
		2FBBEAD108F335010078DB84 /* Deployment */ = {
			isa = XCBuildConfiguration;
			baseConfigurationReference = 16609A3C1A362064003CC1DC /* hedrot_receiver.xcconfig */;
			buildSettings = {
				CLANG_WARN_BOOL_CONVERSION = YES;
				CLANG_WARN_CONSTANT_CONVERSION = YES;
				CLANG_WARN_EMPTY_BODY = YES;
				CLANG_WARN_ENUM_CONVERSION = YES;
				CLANG_WARN_INFINITE_RECURSION = YES;
				CLANG_WARN_INT_CONVERSION = YES;
				CLANG_WARN_SUSPICIOUS_MOVE = YES;
				CLANG_WARN_UNREACHABLE_CODE = YES;
				CLANG_WARN__DUPLICATE_METHOD_MATCH = YES;
				ENABLE_STRICT_OBJC_MSGSEND = YES;
				GCC_NO_COMMON_BLOCKS = YES;
				GCC_WARN_64_TO_32_BIT_CONVERSION = YES;
				GCC_WARN_ABOUT_RETURN_TYPE = YES;
				GCC_WARN_UNDECLARED_SELECTOR = YES;
				GCC_WARN_UNINITIALIZED_AUTOS = YES;
				GCC_WARN_UNUSED_FUNCTION = YES;
				GCC_WARN_UNUSED_VARIABLE = YES;
				ONLY_ACTIVE_ARCH = NO;
				SDKROOT = macosx10.9;
			};
			name = Deployment;
		};
		2FBBEAE108F335360078DB84 /* Development */ = {
			isa = XCBuildConfiguration;
			baseConfigurationReference = 16609A3C1A362064003CC1DC /* hedrot_receiver.xcconfig */;
			buildSettings = {
				COMBINE_HIDPI_IMAGES = YES;
				COPY_PHASE_STRIP = NO;
				FRAMEWORK_SEARCH_PATHS = (
					"$(inherited)",
					"/Volumes/Data/Developpement/SDKs/MaxSDK-6.1.4/c74support/jit-includes",
					"/Volumes/Data/Developpement/SDKs/MaxSDK-6.1.4/c74support/msp-includes",
				);
				GCC_OPTIMIZATION_LEVEL = 0;
				INFOPLIST_PREFIX_HEADER = "";
				INFOPLIST_PREPROCESS = NO;
				OTHER_LDFLAGS = "$(C74_SYM_LINKER_FLAGS)";
				PRODUCT_BUNDLE_IDENTIFIER = "com.hedrot.${PRODUCT_NAME:rfc1034identifier}";
				PRODUCT_NAME = hedrot_receiver;
			};
			name = Development;
		};
		2FBBEAE208F335360078DB84 /* Deployment */ = {
			isa = XCBuildConfiguration;
			baseConfigurationReference = 16609A3C1A362064003CC1DC /* hedrot_receiver.xcconfig */;
			buildSettings = {
				COMBINE_HIDPI_IMAGES = YES;
				COPY_PHASE_STRIP = YES;
				FRAMEWORK_SEARCH_PATHS = (
					"$(inherited)",
					"/Volumes/Data/Developpement/SDKs/MaxSDK-6.1.4/c74support/jit-includes",
					"/Volumes/Data/Developpement/SDKs/MaxSDK-6.1.4/c74support/msp-includes",
				);
				INFOPLIST_PREFIX_HEADER = "";
				INFOPLIST_PREPROCESS = NO;
				OTHER_LDFLAGS = "$(C74_SYM_LINKER_FLAGS)";
				PRODUCT_BUNDLE_IDENTIFIER = "com.hedrot.${PRODUCT_NAME:rfc1034identifier}";
				PRODUCT_NAME = hedrot_receiver;
			};
			name = Deployment;
		};
/* End XCBuildConfiguration section */

/* Begin XCConfigurationList section */
		2FBBEACF08F335010078DB84 /* Build configuration list for PBXProject "hedrot_receiver" */ = {
			isa = XCConfigurationList;
			buildConfigurations = (
				2FBBEAD008F335010078DB84 /* Development */,
				2FBBEAD108F335010078DB84 /* Deployment */,
			);
			defaultConfigurationIsVisible = 0;
			defaultConfigurationName = Development;
		};
		2FBBEAE008F335360078DB84 /* Build configuration list for PBXNativeTarget "max-external" */ = {
			isa = XCConfigurationList;
			buildConfigurations = (
				2FBBEAE108F335360078DB84 /* Development */,
				2FBBEAE208F335360078DB84 /* Deployment */,
			);
			defaultConfigurationIsVisible = 0;
			defaultConfigurationName = Development;
		};
/* End XCConfigurationList section */
	};
	rootObject = 089C1669FE841209C02AAC07 /* Project object */;
}
