// !$*UTF8*$!
{
	archiveVersion = 1;
	classes = {
	};
	objectVersion = 46;
	objects = {

/* Begin PBXBuildFile section */
		164863FC1F27940E00698E6C /* libhedrot_calibration.c in Sources */ = {isa = PBXBuildFile; fileRef = 164863F61F27940E00698E6C /* libhedrot_calibration.c */; };
		164863FD1F27940E00698E6C /* libhedrot_RTmagCalibration.c in Sources */ = {isa = PBXBuildFile; fileRef = 164863F81F27940E00698E6C /* libhedrot_RTmagCalibration.c */; };
		164863FE1F27940E00698E6C /* libhedrot_utils.c in Sources */ = {isa = PBXBuildFile; fileRef = 164863FA1F27940E00698E6C /* libhedrot_utils.c */; };
		16FEAF4E1DCBDB1B007B9E47 /* hedrotReceiverDemo.c in Sources */ = {isa = PBXBuildFile; fileRef = 16FEAF4D1DCBDB1B007B9E47 /* hedrotReceiverDemo.c */; };
		16FEAF5A1DCBDB51007B9E47 /* libhedrot.c in Sources */ = {isa = PBXBuildFile; fileRef = 16FEAF561DCBDB4A007B9E47 /* libhedrot.c */; };
		16FEAF5B1DCBDB53007B9E47 /* libhedrot_serialcomm.c in Sources */ = {isa = PBXBuildFile; fileRef = 16FEAF581DCBDB4A007B9E47 /* libhedrot_serialcomm.c */; };
/* End PBXBuildFile section */

/* Begin PBXFileReference section */
		164863F61F27940E00698E6C /* libhedrot_calibration.c */ = {isa = PBXFileReference; fileEncoding = 4; lastKnownFileType = sourcecode.c.c; path = libhedrot_calibration.c; sourceTree = "<group>"; };
		164863F71F27940E00698E6C /* libhedrot_calibration.h */ = {isa = PBXFileReference; fileEncoding = 4; lastKnownFileType = sourcecode.c.h; path = libhedrot_calibration.h; sourceTree = "<group>"; };
		164863F81F27940E00698E6C /* libhedrot_RTmagCalibration.c */ = {isa = PBXFileReference; fileEncoding = 4; lastKnownFileType = sourcecode.c.c; path = libhedrot_RTmagCalibration.c; sourceTree = "<group>"; };
		164863F91F27940E00698E6C /* libhedrot_RTmagCalibration.h */ = {isa = PBXFileReference; fileEncoding = 4; lastKnownFileType = sourcecode.c.h; path = libhedrot_RTmagCalibration.h; sourceTree = "<group>"; };
		164863FA1F27940E00698E6C /* libhedrot_utils.c */ = {isa = PBXFileReference; fileEncoding = 4; lastKnownFileType = sourcecode.c.c; path = libhedrot_utils.c; sourceTree = "<group>"; };
		164863FB1F27940E00698E6C /* libhedrot_utils.h */ = {isa = PBXFileReference; fileEncoding = 4; lastKnownFileType = sourcecode.c.h; path = libhedrot_utils.h; sourceTree = "<group>"; };
		166D0E481DB3E54D007B85B9 /* hedrotReceiverDemo */ = {isa = PBXFileReference; explicitFileType = "compiled.mach-o.executable"; includeInIndex = 0; path = hedrotReceiverDemo; sourceTree = BUILT_PRODUCTS_DIR; };
		16FEAF4D1DCBDB1B007B9E47 /* hedrotReceiverDemo.c */ = {isa = PBXFileReference; fileEncoding = 4; lastKnownFileType = sourcecode.c.c; name = hedrotReceiverDemo.c; path = ../source/hedrotReceiverDemo.c; sourceTree = "<group>"; };
		16FEAF561DCBDB4A007B9E47 /* libhedrot.c */ = {isa = PBXFileReference; lastKnownFileType = sourcecode.c.c; path = libhedrot.c; sourceTree = "<group>"; };
		16FEAF571DCBDB4A007B9E47 /* libhedrot.h */ = {isa = PBXFileReference; lastKnownFileType = sourcecode.c.h; path = libhedrot.h; sourceTree = "<group>"; };
		16FEAF581DCBDB4A007B9E47 /* libhedrot_serialcomm.c */ = {isa = PBXFileReference; lastKnownFileType = sourcecode.c.c; path = libhedrot_serialcomm.c; sourceTree = "<group>"; };
		16FEAF591DCBDB4A007B9E47 /* libhedrot_serialcomm.h */ = {isa = PBXFileReference; lastKnownFileType = sourcecode.c.h; path = libhedrot_serialcomm.h; sourceTree = "<group>"; };
		16FEAF5C1DCBDB6A007B9E47 /* hedrot_comm_protocol.h */ = {isa = PBXFileReference; lastKnownFileType = sourcecode.c.h; path = hedrot_comm_protocol.h; sourceTree = "<group>"; };
/* End PBXFileReference section */

/* Begin PBXFrameworksBuildPhase section */
		166D0E451DB3E54D007B85B9 /* Frameworks */ = {
			isa = PBXFrameworksBuildPhase;
			buildActionMask = 2147483647;
			files = (
			);
			runOnlyForDeploymentPostprocessing = 0;
		};
/* End PBXFrameworksBuildPhase section */

/* Begin PBXGroup section */
		166D0E3F1DB3E54D007B85B9 = {
			isa = PBXGroup;
			children = (
				16FEAF5D1DCBDB6E007B9E47 /* firmware */,
				16FEAF4D1DCBDB1B007B9E47 /* hedrotReceiverDemo.c */,
				16FEAF551DCBDB4A007B9E47 /* libhedrot */,
				166D0E491DB3E54D007B85B9 /* Products */,
			);
			sourceTree = "<group>";
		};
		166D0E491DB3E54D007B85B9 /* Products */ = {
			isa = PBXGroup;
			children = (
				166D0E481DB3E54D007B85B9 /* hedrotReceiverDemo */,
			);
			name = Products;
			sourceTree = "<group>";
		};
		16FEAF551DCBDB4A007B9E47 /* libhedrot */ = {
			isa = PBXGroup;
			children = (
				16FEAF561DCBDB4A007B9E47 /* libhedrot.c */,
				16FEAF571DCBDB4A007B9E47 /* libhedrot.h */,
				16FEAF581DCBDB4A007B9E47 /* libhedrot_serialcomm.c */,
				16FEAF591DCBDB4A007B9E47 /* libhedrot_serialcomm.h */,
				164863F61F27940E00698E6C /* libhedrot_calibration.c */,
				164863F71F27940E00698E6C /* libhedrot_calibration.h */,
				164863F81F27940E00698E6C /* libhedrot_RTmagCalibration.c */,
				164863F91F27940E00698E6C /* libhedrot_RTmagCalibration.h */,
				164863FA1F27940E00698E6C /* libhedrot_utils.c */,
				164863FB1F27940E00698E6C /* libhedrot_utils.h */,
			);
			name = libhedrot;
			path = ../../libhedrot;
			sourceTree = "<group>";
		};
		16FEAF5D1DCBDB6E007B9E47 /* firmware */ = {
			isa = PBXGroup;
			children = (
				16FEAF5C1DCBDB6A007B9E47 /* hedrot_comm_protocol.h */,
			);
			name = firmware;
			path = "../../firmware/hedrot-firmware";
			sourceTree = SOURCE_ROOT;
		};
/* End PBXGroup section */

/* Begin PBXNativeTarget section */
		166D0E471DB3E54D007B85B9 /* hedrotReceiverDemo */ = {
			isa = PBXNativeTarget;
			buildConfigurationList = 166D0E4F1DB3E54D007B85B9 /* Build configuration list for PBXNativeTarget "hedrotReceiverDemo" */;
			buildPhases = (
				166D0E441DB3E54D007B85B9 /* Sources */,
				166D0E451DB3E54D007B85B9 /* Frameworks */,
				16728FBB1DCBDD4500F780CB /* ShellScript */,
			);
			buildRules = (
			);
			dependencies = (
			);
			name = hedrotReceiverDemo;
			productName = headtracker_rcv_cmd;
			productReference = 166D0E481DB3E54D007B85B9 /* hedrotReceiverDemo */;
			productType = "com.apple.product-type.tool";
		};
/* End PBXNativeTarget section */

/* Begin PBXProject section */
		166D0E401DB3E54D007B85B9 /* Project object */ = {
			isa = PBXProject;
			attributes = {
				LastUpgradeCheck = 0820;
				ORGANIZATIONNAME = "Alexis Baskind";
				TargetAttributes = {
					166D0E471DB3E54D007B85B9 = {
						CreatedOnToolsVersion = 6.2;
					};
				};
			};
			buildConfigurationList = 166D0E431DB3E54D007B85B9 /* Build configuration list for PBXProject "hedrotReceiverDemo" */;
			compatibilityVersion = "Xcode 3.2";
			developmentRegion = English;
			hasScannedForEncodings = 0;
			knownRegions = (
				en,
			);
			mainGroup = 166D0E3F1DB3E54D007B85B9;
			productRefGroup = 166D0E491DB3E54D007B85B9 /* Products */;
			projectDirPath = "";
			projectRoot = "";
			targets = (
				166D0E471DB3E54D007B85B9 /* hedrotReceiverDemo */,
			);
		};
/* End PBXProject section */

/* Begin PBXShellScriptBuildPhase section */
		16728FBB1DCBDD4500F780CB /* ShellScript */ = {
			isa = PBXShellScriptBuildPhase;
			buildActionMask = 2147483647;
			files = (
			);
			inputPaths = (
			);
			outputPaths = (
			);
			runOnlyForDeploymentPostprocessing = 0;
			shellPath = /bin/sh;
			shellScript = "cp ${BUILT_PRODUCTS_DIR}/${EXECUTABLE_NAME} .";
		};
/* End PBXShellScriptBuildPhase section */

/* Begin PBXSourcesBuildPhase section */
		166D0E441DB3E54D007B85B9 /* Sources */ = {
			isa = PBXSourcesBuildPhase;
			buildActionMask = 2147483647;
			files = (
				164863FD1F27940E00698E6C /* libhedrot_RTmagCalibration.c in Sources */,
				164863FC1F27940E00698E6C /* libhedrot_calibration.c in Sources */,
				16FEAF4E1DCBDB1B007B9E47 /* hedrotReceiverDemo.c in Sources */,
				164863FE1F27940E00698E6C /* libhedrot_utils.c in Sources */,
				16FEAF5B1DCBDB53007B9E47 /* libhedrot_serialcomm.c in Sources */,
				16FEAF5A1DCBDB51007B9E47 /* libhedrot.c in Sources */,
			);
			runOnlyForDeploymentPostprocessing = 0;
		};
/* End PBXSourcesBuildPhase section */

/* Begin XCBuildConfiguration section */
		166D0E4D1DB3E54D007B85B9 /* Debug */ = {
			isa = XCBuildConfiguration;
			buildSettings = {
				ALWAYS_SEARCH_USER_PATHS = NO;
				ARCHS = "$(ARCHS_STANDARD)";
				CLANG_CXX_LANGUAGE_STANDARD = "gnu++0x";
				CLANG_CXX_LIBRARY = "libc++";
				CLANG_ENABLE_MODULES = YES;
				CLANG_ENABLE_OBJC_ARC = YES;
				CLANG_WARN_BOOL_CONVERSION = YES;
				CLANG_WARN_CONSTANT_CONVERSION = YES;
				CLANG_WARN_DIRECT_OBJC_ISA_USAGE = YES_ERROR;
				CLANG_WARN_EMPTY_BODY = YES;
				CLANG_WARN_ENUM_CONVERSION = YES;
				CLANG_WARN_INFINITE_RECURSION = YES;
				CLANG_WARN_INT_CONVERSION = YES;
				CLANG_WARN_OBJC_ROOT_CLASS = YES_ERROR;
				CLANG_WARN_SUSPICIOUS_MOVE = YES;
				CLANG_WARN_UNREACHABLE_CODE = YES;
				CLANG_WARN__DUPLICATE_METHOD_MATCH = YES;
				COPY_PHASE_STRIP = NO;
				ENABLE_STRICT_OBJC_MSGSEND = YES;
				ENABLE_TESTABILITY = YES;
				GCC_C_LANGUAGE_STANDARD = gnu99;
				GCC_DYNAMIC_NO_PIC = NO;
				GCC_NO_COMMON_BLOCKS = YES;
				GCC_OPTIMIZATION_LEVEL = 0;
				GCC_PREPROCESSOR_DEFINITIONS = (
					"DEBUG=1",
					"$(inherited)",
				);
				GCC_SYMBOLS_PRIVATE_EXTERN = NO;
				GCC_WARN_64_TO_32_BIT_CONVERSION = YES;
				GCC_WARN_ABOUT_RETURN_TYPE = YES_ERROR;
				GCC_WARN_UNDECLARED_SELECTOR = YES;
				GCC_WARN_UNINITIALIZED_AUTOS = YES_AGGRESSIVE;
				GCC_WARN_UNUSED_FUNCTION = YES;
				GCC_WARN_UNUSED_VARIABLE = YES;
				MACOSX_DEPLOYMENT_TARGET = 10.9;
				MTL_ENABLE_DEBUG_INFO = YES;
				ONLY_ACTIVE_ARCH = YES;
				SDKROOT = macosx10.9;
			};
			name = Debug;
		};
		166D0E4E1DB3E54D007B85B9 /* Release */ = {
			isa = XCBuildConfiguration;
			buildSettings = {
				ALWAYS_SEARCH_USER_PATHS = NO;
				ARCHS = "$(ARCHS_STANDARD)";
				CLANG_CXX_LANGUAGE_STANDARD = "gnu++0x";
				CLANG_CXX_LIBRARY = "libc++";
				CLANG_ENABLE_MODULES = YES;
				CLANG_ENABLE_OBJC_ARC = YES;
				CLANG_WARN_BOOL_CONVERSION = YES;
				CLANG_WARN_CONSTANT_CONVERSION = YES;
				CLANG_WARN_DIRECT_OBJC_ISA_USAGE = YES_ERROR;
				CLANG_WARN_EMPTY_BODY = YES;
				CLANG_WARN_ENUM_CONVERSION = YES;
				CLANG_WARN_INFINITE_RECURSION = YES;
				CLANG_WARN_INT_CONVERSION = YES;
				CLANG_WARN_OBJC_ROOT_CLASS = YES_ERROR;
				CLANG_WARN_SUSPICIOUS_MOVE = YES;
				CLANG_WARN_UNREACHABLE_CODE = YES;
				CLANG_WARN__DUPLICATE_METHOD_MATCH = YES;
				COPY_PHASE_STRIP = NO;
				DEBUG_INFORMATION_FORMAT = "dwarf-with-dsym";
				ENABLE_NS_ASSERTIONS = NO;
				ENABLE_STRICT_OBJC_MSGSEND = YES;
				GCC_C_LANGUAGE_STANDARD = gnu99;
				GCC_NO_COMMON_BLOCKS = YES;
				GCC_WARN_64_TO_32_BIT_CONVERSION = YES;
				GCC_WARN_ABOUT_RETURN_TYPE = YES_ERROR;
				GCC_WARN_UNDECLARED_SELECTOR = YES;
				GCC_WARN_UNINITIALIZED_AUTOS = YES_AGGRESSIVE;
				GCC_WARN_UNUSED_FUNCTION = YES;
				GCC_WARN_UNUSED_VARIABLE = YES;
				MACOSX_DEPLOYMENT_TARGET = 10.9;
				MTL_ENABLE_DEBUG_INFO = NO;
				SDKROOT = macosx10.9;
			};
			name = Release;
		};
		166D0E501DB3E54D007B85B9 /* Debug */ = {
			isa = XCBuildConfiguration;
			buildSettings = {
				PRODUCT_NAME = hedrotReceiverDemo;
				SDKROOT = macosx10.9;
			};
			name = Debug;
		};
		166D0E511DB3E54D007B85B9 /* Release */ = {
			isa = XCBuildConfiguration;
			buildSettings = {
				PRODUCT_NAME = hedrotReceiverDemo;
				SDKROOT = macosx10.9;
			};
			name = Release;
		};
/* End XCBuildConfiguration section */

/* Begin XCConfigurationList section */
		166D0E431DB3E54D007B85B9 /* Build configuration list for PBXProject "hedrotReceiverDemo" */ = {
			isa = XCConfigurationList;
			buildConfigurations = (
				166D0E4D1DB3E54D007B85B9 /* Debug */,
				166D0E4E1DB3E54D007B85B9 /* Release */,
			);
			defaultConfigurationIsVisible = 0;
			defaultConfigurationName = Release;
		};
		166D0E4F1DB3E54D007B85B9 /* Build configuration list for PBXNativeTarget "hedrotReceiverDemo" */ = {
			isa = XCConfigurationList;
			buildConfigurations = (
				166D0E501DB3E54D007B85B9 /* Debug */,
				166D0E511DB3E54D007B85B9 /* Release */,
			);
			defaultConfigurationIsVisible = 0;
			defaultConfigurationName = Release;
		};
/* End XCConfigurationList section */
	};
	rootObject = 166D0E401DB3E54D007B85B9 /* Project object */;
}
